
Microsoft Visual Studio Solution File, Format Version 11.00
# Visual Studio 2010
Project("{FAE04EC0-301F-11D3-BF4B-00C04F79EFBC}") = "ImportarCuentasContables", "ImportarCuentasContables.csproj", "{FF54D33C-76A9-4F80-9CC2-262691910D2C}"
EndProject
Project("{54435603-DBB4-11D2-8724-00A0C9A8B90C}") = "Importar cuentas installer", "..\Importar cuentas installer\Importar cuentas installer.vdproj", "{94572018-55F8-4127-A0BA-7807231634FF}"
EndProject
Global
	GlobalSection(SolutionConfigurationPlatforms) = preSolution
		Debug|x86 = Debug|x86
		Release|x86 = Release|x86
	EndGlobalSection
	GlobalSection(ProjectConfigurationPlatforms) = postSolution
		{FF54D33C-76A9-4F80-9CC2-262691910D2C}.Debug|x86.ActiveCfg = Debug|x86
		{FF54D33C-76A9-4F80-9CC2-262691910D2C}.Debug|x86.Build.0 = Debug|x86
		{FF54D33C-76A9-4F80-9CC2-262691910D2C}.Release|x86.ActiveCfg = Release|x86
		{FF54D33C-76A9-4F80-9CC2-262691910D2C}.Release|x86.Build.0 = Release|x86
		{94572018-55F8-4127-A0BA-7807231634FF}.Debug|x86.ActiveCfg = Debug
		{94572018-55F8-4127-A0BA-7807231634FF}.Release|x86.ActiveCfg = Release
	EndGlobalSection
	GlobalSection(SolutionProperties) = preSolution
		HideSolutionNode = FALSE
	EndGlobalSection
EndGlobal
